// !$*UTF8*$!
{
	archiveVersion = 1;
	classes = {
	};
	objectVersion = 77;
	objects = {
		A1B2C3D4E5F60708090A0B01 = {
			isa = PBXProject;
			buildConfigurationList = A1B2C3D4E5F60708090A0B14;
			compatibilityVersion = "Xcode 16.0";
			developmentRegion = en;
			hasScannedForEncodings = 0;
			knownRegions = (
				en,
			);
			mainGroup = A1B2C3D4E5F60708090A0B02;
			productRefGroup = A1B2C3D4E5F60708090A0B04;
			projectDirPath = "";
			projectRoot = "";
			targets = (
				A1B2C3D4E5F60708090A0B05,
			);
		};
		A1B2C3D4E5F60708090A0B02 = {
			isa = PBXGroup;
			children = (
				A1B2C3D4E5F60708090A0B03,
				A1B2C3D4E5F60708090A0B0B,
				A1B2C3D4E5F60708090A0B09,
				A1B2C3D4E5F60708090A0B0A,
				A1B2C3D4E5F60708090A0B04,
			);
			sourceTree = "<group>";
		};
		A1B2C3D4E5F60708090A0B03 = {
			isa = PBXGroup;
			children = (
				A1B2C3D4E5F60708090A0B07,
				A1B2C3D4E5F60708090A0B08,
			);
			name = Sources;
			sourceTree = "<group>";
		};
		A1B2C3D4E5F60708090A0B04 = {
			isa = PBXGroup;
			children = (
				A1B2C3D4E5F60708090A0B06,
			);
			name = Products;
			sourceTree = "<group>";
		};
		A1B2C3D4E5F60708090A0B05 = {
			isa = PBXNativeTarget;
			buildConfigurationList = A1B2C3D4E5F60708090A0B15;
			buildPhases = (
				A1B2C3D4E5F60708090A0B0E,
				A1B2C3D4E5F60708090A0B0D,
				A1B2C3D4E5F60708090A0B0F,
			);
			buildRules = (
			);
			dependencies = (
			);
			name = quicktodo;
			packageProductDependencies = (
			);
			productName = quicktodo;
			productReference = A1B2C3D4E5F60708090A0B06;
			productType = "com.apple.product-type.application";
		};
		A1B2C3D4E5F60708090A0B06 = {
			isa = PBXFileReference;
			explicitFileType = wrapper.application;
			includeInIndex = 0;
			path = "quicktodo.app";
			sourceTree = BUILT_PRODUCTS_DIR;
		};
		A1B2C3D4E5F60708090A0B07 = {
			isa = PBXFileReference;
			lastKnownFileType = sourcecode.swift;
			name = "main.swift";
			path = "Sources/main.swift";
			sourceTree = "<group>";
		};
		A1B2C3D4E5F60708090A0B08 = {
			isa = PBXFileReference;
			lastKnownFileType = sourcecode.swift;
			name = "AppDelegate.swift";
			path = "Sources/AppDelegate.swift";
			sourceTree = "<group>";
		};
		A1B2C3D4E5F60708090A0B09 = {
			isa = PBXFileReference;
			lastKnownFileType = text.plist.xml;
			path = "Info.plist";
			sourceTree = "<group>";
		};
		A1B2C3D4E5F60708090A0B0A = {
			isa = PBXFileReference;
			lastKnownFileType = text.plist.entitlements;
			path = "quicktodo.entitlements";
			sourceTree = "<group>";
		};
		A1B2C3D4E5F60708090A0B0B = {
			isa = PBXFileReference;
			lastKnownFileType = folder.assetcatalog;
			path = "Assets.xcassets";
			sourceTree = "<group>";
		};
		A1B2C3D4E5F60708090A0B0C = {
			isa = PBXFileReference;
			lastKnownFileType = wrapper.framework;
			name = "AppKit.framework";
			path = "System/Library/Frameworks/AppKit.framework";
			sourceTree = SDKROOT;
		};
		A1B2C3D4E5F60708090A0B0D = {
			isa = PBXSourcesBuildPhase;
			buildActionMask = 2147483647;
			files = (
				A1B2C3D4E5F60708090A0B11,
				A1B2C3D4E5F60708090A0B10,
			);
			runOnlyForDeploymentPostprocessing = 0;
		};
		A1B2C3D4E5F60708090A0B0E = {
			isa = PBXFrameworksBuildPhase;
			buildActionMask = 2147483647;
			files = (
				A1B2C3D4E5F60708090A0B13,
			);
			runOnlyForDeploymentPostprocessing = 0;
		};
		A1B2C3D4E5F60708090A0B0F = {
			isa = PBXResourcesBuildPhase;
			buildActionMask = 2147483647;
			files = (
				A1B2C3D4E5F60708090A0B12,
			);
			runOnlyForDeploymentPostprocessing = 0;
		};
		A1B2C3D4E5F60708090A0B10 = {
			isa = PBXBuildFile;
			fileRef = A1B2C3D4E5F60708090A0B08;
		};
		A1B2C3D4E5F60708090A0B11 = {
			isa = PBXBuildFile;
			fileRef = A1B2C3D4E5F60708090A0B07;
		};
		A1B2C3D4E5F60708090A0B12 = {
			isa = PBXBuildFile;
			fileRef = A1B2C3D4E5F60708090A0B0B;
		};
		A1B2C3D4E5F60708090A0B13 = {
			isa = PBXBuildFile;
			fileRef = A1B2C3D4E5F60708090A0B0C;
		};
		A1B2C3D4E5F60708090A0B14 = {
			isa = XCConfigurationList;
			buildConfigurations = (
				A1B2C3D4E5F60708090A0B16,
				A1B2C3D4E5F60708090A0B17,
			);
			defaultConfigurationIsVisible = 0;
			defaultConfigurationName = Release;
		};
		A1B2C3D4E5F60708090A0B15 = {
			isa = XCConfigurationList;
			buildConfigurations = (
				A1B2C3D4E5F60708090A0B18,
				A1B2C3D4E5F60708090A0B19,
			);
			defaultConfigurationIsVisible = 0;
			defaultConfigurationName = Release;
		};
		A1B2C3D4E5F60708090A0B16 = {
			isa = XCBuildConfiguration;
			buildSettings = {
				ALWAYS_SEARCH_USER_PATHS = NO;
				CLANG_ENABLE_MODULES = YES;
				MACOSX_DEPLOYMENT_TARGET = 13.0;
				SDKROOT = macosx;
			};
			name = Debug;
		};
		A1B2C3D4E5F60708090A0B17 = {
			isa = XCBuildConfiguration;
			buildSettings = {
				ALWAYS_SEARCH_USER_PATHS = NO;
				CLANG_ENABLE_MODULES = YES;
				COPY_PHASE_STRIP = NO;
				MACOSX_DEPLOYMENT_TARGET = 13.0;
				SDKROOT = macosx;
			};
			name = Release;
		};
		A1B2C3D4E5F60708090A0B18 = {
			isa = XCBuildConfiguration;
			buildSettings = {
				ASSETCATALOG_COMPILER_APPICON_NAME = AppIcon;
				ASSETCATALOG_COMPILER_GENERATE_ASSET_SYMBOLS = NO;
				CODE_SIGN_ENTITLEMENTS = "quicktodo.entitlements";
				CODE_SIGN_STYLE = Automatic;
				COMBINE_HIDPI_IMAGES = YES;
				GENERATE_INFOPLIST_FILE = NO;
				INFOPLIST_FILE = "Info.plist";
				LD_RUNPATH_SEARCH_PATHS = (
					"@executable_path/../Frameworks",
				);
				MACOSX_DEPLOYMENT_TARGET = 13.0;
				PRODUCT_BUNDLE_IDENTIFIER = "com.quicktodo.app";
				PRODUCT_NAME = "$(TARGET_NAME)";
				SWIFT_ACTIVE_COMPILATION_CONDITIONS = DEBUG;
				SWIFT_EMIT_LOC_STRINGS = YES;
				SWIFT_OPTIMIZATION_LEVEL = "-Onone";
				SWIFT_VERSION = 5.0;
			};
			name = Debug;
		};
		A1B2C3D4E5F60708090A0B19 = {
			isa = XCBuildConfiguration;
			buildSettings = {
				ASSETCATALOG_COMPILER_APPICON_NAME = AppIcon;
				ASSETCATALOG_COMPILER_GENERATE_ASSET_SYMBOLS = NO;
				CODE_SIGN_ENTITLEMENTS = "quicktodo.entitlements";
				CODE_SIGN_STYLE = Automatic;
				COMBINE_HIDPI_IMAGES = YES;
				GENERATE_INFOPLIST_FILE = NO;
				INFOPLIST_FILE = "Info.plist";
				LD_RUNPATH_SEARCH_PATHS = (
					"@executable_path/../Frameworks",
				);
				MACOSX_DEPLOYMENT_TARGET = 13.0;
				PRODUCT_BUNDLE_IDENTIFIER = "com.quicktodo.app";
				PRODUCT_NAME = "$(TARGET_NAME)";
				SWIFT_COMPILATION_MODE = wholemodule;
				SWIFT_EMIT_LOC_STRINGS = YES;
				SWIFT_OPTIMIZATION_LEVEL = "-O";
				SWIFT_VERSION = 5.0;
			};
			name = Release;
		};
	};
	rootObject = A1B2C3D4E5F60708090A0B01;
}
